// !$*UTF8*$!
{
	archiveVersion = 1;
	classes = {
	};
	objectVersion = 56;
	objects = {

/* Begin PBXBuildFile section */
		CD1F911A2AEBAA9F003E425E /* URLSessionHTTPClientTests.swift in Sources */ = {isa = PBXBuildFile; fileRef = CD1F91192AEBAA9F003E425E /* URLSessionHTTPClientTests.swift */; };
		CDDB89C52AF0E81100527EDB /* XCTestCase+MemoryLeakTracking.swift in Sources */ = {isa = PBXBuildFile; fileRef = CDDB89C42AF0E81100527EDB /* XCTestCase+MemoryLeakTracking.swift */; };
		CDFEF4012AE7A1F400F959CE /* EssentialFeed.docc in Sources */ = {isa = PBXBuildFile; fileRef = CDFEF4002AE7A1F400F959CE /* EssentialFeed.docc */; };
		CDFEF4072AE7A1F400F959CE /* EssentialFeed.framework in Frameworks */ = {isa = PBXBuildFile; fileRef = CDFEF3FC2AE7A1F400F959CE /* EssentialFeed.framework */; };
		CDFEF40C2AE7A1F400F959CE /* EssentialFeedTests.swift in Sources */ = {isa = PBXBuildFile; fileRef = CDFEF40B2AE7A1F400F959CE /* EssentialFeedTests.swift */; };
		CDFEF40D2AE7A1F400F959CE /* EssentialFeed.h in Headers */ = {isa = PBXBuildFile; fileRef = CDFEF3FF2AE7A1F400F959CE /* EssentialFeed.h */; settings = {ATTRIBUTES = (Public, ); }; };
		CDFEF4172AE7A21A00F959CE /* FeedItem.swift in Sources */ = {isa = PBXBuildFile; fileRef = CDFEF4162AE7A21A00F959CE /* FeedItem.swift */; };
		CDFEF4192AE7A2C400F959CE /* FeedLoader.swift in Sources */ = {isa = PBXBuildFile; fileRef = CDFEF4182AE7A2C400F959CE /* FeedLoader.swift */; };
		CDFEF41C2AE7A88600F959CE /* RemoteFeedLoaderTests.swift in Sources */ = {isa = PBXBuildFile; fileRef = CDFEF41B2AE7A88600F959CE /* RemoteFeedLoaderTests.swift */; };
		CDFEF41F2AE7BDD900F959CE /* RemoteFeedLoader.swift in Sources */ = {isa = PBXBuildFile; fileRef = CDFEF41E2AE7BDD900F959CE /* RemoteFeedLoader.swift */; };
		CDFEF4212AEA728F00F959CE /* HTTPClient.swift in Sources */ = {isa = PBXBuildFile; fileRef = CDFEF4202AEA728F00F959CE /* HTTPClient.swift */; };
		CDFEF4232AEA72E500F959CE /* FeedItemsMapper.swift in Sources */ = {isa = PBXBuildFile; fileRef = CDFEF4222AEA72E500F959CE /* FeedItemsMapper.swift */; };
/* End PBXBuildFile section */

/* Begin PBXContainerItemProxy section */
		CDFEF4082AE7A1F400F959CE /* PBXContainerItemProxy */ = {
			isa = PBXContainerItemProxy;
			containerPortal = CDFEF3F32AE7A1F400F959CE /* Project object */;
			proxyType = 1;
			remoteGlobalIDString = CDFEF3FB2AE7A1F400F959CE;
			remoteInfo = EssentialFeed;
		};
/* End PBXContainerItemProxy section */

/* Begin PBXFileReference section */
		CD1F91192AEBAA9F003E425E /* URLSessionHTTPClientTests.swift */ = {isa = PBXFileReference; lastKnownFileType = sourcecode.swift; path = URLSessionHTTPClientTests.swift; sourceTree = "<group>"; };
		CDDB89C42AF0E81100527EDB /* XCTestCase+MemoryLeakTracking.swift */ = {isa = PBXFileReference; lastKnownFileType = sourcecode.swift; path = "XCTestCase+MemoryLeakTracking.swift"; sourceTree = "<group>"; };
		CDFEF3FC2AE7A1F400F959CE /* EssentialFeed.framework */ = {isa = PBXFileReference; explicitFileType = wrapper.framework; includeInIndex = 0; path = EssentialFeed.framework; sourceTree = BUILT_PRODUCTS_DIR; };
		CDFEF3FF2AE7A1F400F959CE /* EssentialFeed.h */ = {isa = PBXFileReference; lastKnownFileType = sourcecode.c.h; path = EssentialFeed.h; sourceTree = "<group>"; };
		CDFEF4002AE7A1F400F959CE /* EssentialFeed.docc */ = {isa = PBXFileReference; lastKnownFileType = folder.documentationcatalog; path = EssentialFeed.docc; sourceTree = "<group>"; };
		CDFEF4062AE7A1F400F959CE /* EssentialFeedTests.xctest */ = {isa = PBXFileReference; explicitFileType = wrapper.cfbundle; includeInIndex = 0; path = EssentialFeedTests.xctest; sourceTree = BUILT_PRODUCTS_DIR; };
		CDFEF40B2AE7A1F400F959CE /* EssentialFeedTests.swift */ = {isa = PBXFileReference; lastKnownFileType = sourcecode.swift; path = EssentialFeedTests.swift; sourceTree = "<group>"; };
		CDFEF4162AE7A21A00F959CE /* FeedItem.swift */ = {isa = PBXFileReference; lastKnownFileType = sourcecode.swift; path = FeedItem.swift; sourceTree = "<group>"; };
		CDFEF4182AE7A2C400F959CE /* FeedLoader.swift */ = {isa = PBXFileReference; lastKnownFileType = sourcecode.swift; path = FeedLoader.swift; sourceTree = "<group>"; };
		CDFEF41B2AE7A88600F959CE /* RemoteFeedLoaderTests.swift */ = {isa = PBXFileReference; lastKnownFileType = sourcecode.swift; path = RemoteFeedLoaderTests.swift; sourceTree = "<group>"; };
		CDFEF41E2AE7BDD900F959CE /* RemoteFeedLoader.swift */ = {isa = PBXFileReference; lastKnownFileType = sourcecode.swift; path = RemoteFeedLoader.swift; sourceTree = "<group>"; };
		CDFEF4202AEA728F00F959CE /* HTTPClient.swift */ = {isa = PBXFileReference; lastKnownFileType = sourcecode.swift; path = HTTPClient.swift; sourceTree = "<group>"; };
		CDFEF4222AEA72E500F959CE /* FeedItemsMapper.swift */ = {isa = PBXFileReference; lastKnownFileType = sourcecode.swift; path = FeedItemsMapper.swift; sourceTree = "<group>"; };
/* End PBXFileReference section */

/* Begin PBXFrameworksBuildPhase section */
		CDFEF3F92AE7A1F400F959CE /* Frameworks */ = {
			isa = PBXFrameworksBuildPhase;
			buildActionMask = 2147483647;
			files = (
			);
			runOnlyForDeploymentPostprocessing = 0;
		};
		CDFEF4032AE7A1F400F959CE /* Frameworks */ = {
			isa = PBXFrameworksBuildPhase;
			buildActionMask = 2147483647;
			files = (
				CDFEF4072AE7A1F400F959CE /* EssentialFeed.framework in Frameworks */,
			);
			runOnlyForDeploymentPostprocessing = 0;
		};
/* End PBXFrameworksBuildPhase section */

/* Begin PBXGroup section */
		CDDB89C32AF0E7F000527EDB /* Helpers */ = {
			isa = PBXGroup;
			children = (
				CDDB89C42AF0E81100527EDB /* XCTestCase+MemoryLeakTracking.swift */,
			);
			path = Helpers;
			sourceTree = "<group>";
		};
		CDFEF3F22AE7A1F400F959CE = {
			isa = PBXGroup;
			children = (
				CDFEF3FE2AE7A1F400F959CE /* EssentialFeed */,
				CDFEF40A2AE7A1F400F959CE /* EssentialFeedTests */,
				CDFEF3FD2AE7A1F400F959CE /* Products */,
			);
			sourceTree = "<group>";
		};
		CDFEF3FD2AE7A1F400F959CE /* Products */ = {
			isa = PBXGroup;
			children = (
				CDFEF3FC2AE7A1F400F959CE /* EssentialFeed.framework */,
				CDFEF4062AE7A1F400F959CE /* EssentialFeedTests.xctest */,
			);
			name = Products;
			sourceTree = "<group>";
		};
		CDFEF3FE2AE7A1F400F959CE /* EssentialFeed */ = {
			isa = PBXGroup;
			children = (
				CDFEF3FF2AE7A1F400F959CE /* EssentialFeed.h */,
				CDFEF4002AE7A1F400F959CE /* EssentialFeed.docc */,
				CDFEF41A2AE7A40900F959CE /* Feed Feature */,
				CDFEF41D2AE7BD9900F959CE /* Feed API */,
			);
			path = EssentialFeed;
			sourceTree = "<group>";
		};
		CDFEF40A2AE7A1F400F959CE /* EssentialFeedTests */ = {
			isa = PBXGroup;
			children = (
				CDFEF40B2AE7A1F400F959CE /* EssentialFeedTests.swift */,
				CDFEF4242AEA7DAA00F959CE /* Feed API */,
			);
			path = EssentialFeedTests;
			sourceTree = "<group>";
		};
		CDFEF41A2AE7A40900F959CE /* Feed Feature */ = {
			isa = PBXGroup;
			children = (
				CDFEF4162AE7A21A00F959CE /* FeedItem.swift */,
				CDFEF4182AE7A2C400F959CE /* FeedLoader.swift */,
			);
			path = "Feed Feature";
			sourceTree = "<group>";
		};
		CDFEF41D2AE7BD9900F959CE /* Feed API */ = {
			isa = PBXGroup;
			children = (
				CDFEF41E2AE7BDD900F959CE /* RemoteFeedLoader.swift */,
				CDFEF4202AEA728F00F959CE /* HTTPClient.swift */,
				CDFEF4222AEA72E500F959CE /* FeedItemsMapper.swift */,
			);
			path = "Feed API";
			sourceTree = "<group>";
		};
		CDFEF4242AEA7DAA00F959CE /* Feed API */ = {
			isa = PBXGroup;
			children = (
				CDDB89C32AF0E7F000527EDB /* Helpers */,
				CDFEF41B2AE7A88600F959CE /* RemoteFeedLoaderTests.swift */,
				CD1F91192AEBAA9F003E425E /* URLSessionHTTPClientTests.swift */,
			);
			path = "Feed API";
			sourceTree = "<group>";
		};
/* End PBXGroup section */

/* Begin PBXHeadersBuildPhase section */
		CDFEF3F72AE7A1F400F959CE /* Headers */ = {
			isa = PBXHeadersBuildPhase;
			buildActionMask = 2147483647;
			files = (
				CDFEF40D2AE7A1F400F959CE /* EssentialFeed.h in Headers */,
			);
			runOnlyForDeploymentPostprocessing = 0;
		};
/* End PBXHeadersBuildPhase section */

/* Begin PBXNativeTarget section */
		CDFEF3FB2AE7A1F400F959CE /* EssentialFeed */ = {
			isa = PBXNativeTarget;
			buildConfigurationList = CDFEF4102AE7A1F400F959CE /* Build configuration list for PBXNativeTarget "EssentialFeed" */;
			buildPhases = (
				CDFEF3F72AE7A1F400F959CE /* Headers */,
				CDFEF3F82AE7A1F400F959CE /* Sources */,
				CDFEF3F92AE7A1F400F959CE /* Frameworks */,
				CDFEF3FA2AE7A1F400F959CE /* Resources */,
			);
			buildRules = (
			);
			dependencies = (
			);
			name = EssentialFeed;
			productName = EssentialFeed;
			productReference = CDFEF3FC2AE7A1F400F959CE /* EssentialFeed.framework */;
			productType = "com.apple.product-type.framework";
		};
		CDFEF4052AE7A1F400F959CE /* EssentialFeedTests */ = {
			isa = PBXNativeTarget;
			buildConfigurationList = CDFEF4132AE7A1F400F959CE /* Build configuration list for PBXNativeTarget "EssentialFeedTests" */;
			buildPhases = (
				CDFEF4022AE7A1F400F959CE /* Sources */,
				CDFEF4032AE7A1F400F959CE /* Frameworks */,
				CDFEF4042AE7A1F400F959CE /* Resources */,
			);
			buildRules = (
			);
			dependencies = (
				CDFEF4092AE7A1F400F959CE /* PBXTargetDependency */,
			);
			name = EssentialFeedTests;
			productName = EssentialFeedTests;
			productReference = CDFEF4062AE7A1F400F959CE /* EssentialFeedTests.xctest */;
			productType = "com.apple.product-type.bundle.unit-test";
		};
/* End PBXNativeTarget section */

/* Begin PBXProject section */
		CDFEF3F32AE7A1F400F959CE /* Project object */ = {
			isa = PBXProject;
			attributes = {
				BuildIndependentTargetsInParallel = 1;
				LastSwiftUpdateCheck = 1420;
				LastUpgradeCheck = 1420;
				TargetAttributes = {
					CDFEF3FB2AE7A1F400F959CE = {
						CreatedOnToolsVersion = 14.2;
					};
					CDFEF4052AE7A1F400F959CE = {
						CreatedOnToolsVersion = 14.2;
					};
				};
			};
			buildConfigurationList = CDFEF3F62AE7A1F400F959CE /* Build configuration list for PBXProject "EssentialFeed" */;
			compatibilityVersion = "Xcode 14.0";
			developmentRegion = en;
			hasScannedForEncodings = 0;
			knownRegions = (
				en,
				Base,
			);
			mainGroup = CDFEF3F22AE7A1F400F959CE;
			productRefGroup = CDFEF3FD2AE7A1F400F959CE /* Products */;
			projectDirPath = "";
			projectRoot = "";
			targets = (
				CDFEF3FB2AE7A1F400F959CE /* EssentialFeed */,
				CDFEF4052AE7A1F400F959CE /* EssentialFeedTests */,
			);
		};
/* End PBXProject section */

/* Begin PBXResourcesBuildPhase section */
		CDFEF3FA2AE7A1F400F959CE /* Resources */ = {
			isa = PBXResourcesBuildPhase;
			buildActionMask = 2147483647;
			files = (
			);
			runOnlyForDeploymentPostprocessing = 0;
		};
		CDFEF4042AE7A1F400F959CE /* Resources */ = {
			isa = PBXResourcesBuildPhase;
			buildActionMask = 2147483647;
			files = (
			);
			runOnlyForDeploymentPostprocessing = 0;
		};
/* End PBXResourcesBuildPhase section */

/* Begin PBXSourcesBuildPhase section */
		CDFEF3F82AE7A1F400F959CE /* Sources */ = {
			isa = PBXSourcesBuildPhase;
			buildActionMask = 2147483647;
			files = (
				CDFEF41F2AE7BDD900F959CE /* RemoteFeedLoader.swift in Sources */,
				CDFEF4212AEA728F00F959CE /* HTTPClient.swift in Sources */,
				CDFEF4192AE7A2C400F959CE /* FeedLoader.swift in Sources */,
				CDFEF4232AEA72E500F959CE /* FeedItemsMapper.swift in Sources */,
				CDFEF4172AE7A21A00F959CE /* FeedItem.swift in Sources */,
				CDFEF4012AE7A1F400F959CE /* EssentialFeed.docc in Sources */,
			);
			runOnlyForDeploymentPostprocessing = 0;
		};
		CDFEF4022AE7A1F400F959CE /* Sources */ = {
			isa = PBXSourcesBuildPhase;
			buildActionMask = 2147483647;
			files = (
				CDFEF41C2AE7A88600F959CE /* RemoteFeedLoaderTests.swift in Sources */,
				CDDB89C52AF0E81100527EDB /* XCTestCase+MemoryLeakTracking.swift in Sources */,
				CD1F911A2AEBAA9F003E425E /* URLSessionHTTPClientTests.swift in Sources */,
				CDFEF40C2AE7A1F400F959CE /* EssentialFeedTests.swift in Sources */,
			);
			runOnlyForDeploymentPostprocessing = 0;
		};
/* End PBXSourcesBuildPhase section */

/* Begin PBXTargetDependency section */
		CDFEF4092AE7A1F400F959CE /* PBXTargetDependency */ = {
			isa = PBXTargetDependency;
			target = CDFEF3FB2AE7A1F400F959CE /* EssentialFeed */;
			targetProxy = CDFEF4082AE7A1F400F959CE /* PBXContainerItemProxy */;
		};
/* End PBXTargetDependency section */

/* Begin XCBuildConfiguration section */
		CDFEF40E2AE7A1F400F959CE /* Debug */ = {
			isa = XCBuildConfiguration;
			buildSettings = {
				ALWAYS_SEARCH_USER_PATHS = NO;
				CLANG_ANALYZER_NONNULL = YES;
				CLANG_ANALYZER_NUMBER_OBJECT_CONVERSION = YES_AGGRESSIVE;
				CLANG_CXX_LANGUAGE_STANDARD = "gnu++20";
				CLANG_ENABLE_MODULES = YES;
				CLANG_ENABLE_OBJC_ARC = YES;
				CLANG_ENABLE_OBJC_WEAK = YES;
				CLANG_WARN_BLOCK_CAPTURE_AUTORELEASING = YES;
				CLANG_WARN_BOOL_CONVERSION = YES;
				CLANG_WARN_COMMA = YES;
				CLANG_WARN_CONSTANT_CONVERSION = YES;
				CLANG_WARN_DEPRECATED_OBJC_IMPLEMENTATIONS = YES;
				CLANG_WARN_DIRECT_OBJC_ISA_USAGE = YES_ERROR;
				CLANG_WARN_DOCUMENTATION_COMMENTS = YES;
				CLANG_WARN_EMPTY_BODY = YES;
				CLANG_WARN_ENUM_CONVERSION = YES;
				CLANG_WARN_INFINITE_RECURSION = YES;
				CLANG_WARN_INT_CONVERSION = YES;
				CLANG_WARN_NON_LITERAL_NULL_CONVERSION = YES;
				CLANG_WARN_OBJC_IMPLICIT_RETAIN_SELF = YES;
				CLANG_WARN_OBJC_LITERAL_CONVERSION = YES;
				CLANG_WARN_OBJC_ROOT_CLASS = YES_ERROR;
				CLANG_WARN_QUOTED_INCLUDE_IN_FRAMEWORK_HEADER = YES;
				CLANG_WARN_RANGE_LOOP_ANALYSIS = YES;
				CLANG_WARN_STRICT_PROTOTYPES = YES;
				CLANG_WARN_SUSPICIOUS_MOVE = YES;
				CLANG_WARN_UNGUARDED_AVAILABILITY = YES_AGGRESSIVE;
				CLANG_WARN_UNREACHABLE_CODE = YES;
				CLANG_WARN__DUPLICATE_METHOD_MATCH = YES;
				COPY_PHASE_STRIP = NO;
				CURRENT_PROJECT_VERSION = 1;
				DEBUG_INFORMATION_FORMAT = dwarf;
				ENABLE_STRICT_OBJC_MSGSEND = YES;
				ENABLE_TESTABILITY = YES;
				GCC_C_LANGUAGE_STANDARD = gnu11;
				GCC_DYNAMIC_NO_PIC = NO;
				GCC_NO_COMMON_BLOCKS = YES;
				GCC_OPTIMIZATION_LEVEL = 0;
				GCC_PREPROCESSOR_DEFINITIONS = (
					"DEBUG=1",
					"$(inherited)",
				);
				GCC_WARN_64_TO_32_BIT_CONVERSION = YES;
				GCC_WARN_ABOUT_RETURN_TYPE = YES_ERROR;
				GCC_WARN_UNDECLARED_SELECTOR = YES;
				GCC_WARN_UNINITIALIZED_AUTOS = YES_AGGRESSIVE;
				GCC_WARN_UNUSED_FUNCTION = YES;
				GCC_WARN_UNUSED_VARIABLE = YES;
				MACOSX_DEPLOYMENT_TARGET = 13.1;
				MTL_ENABLE_DEBUG_INFO = INCLUDE_SOURCE;
				MTL_FAST_MATH = YES;
				ONLY_ACTIVE_ARCH = YES;
				SDKROOT = macosx;
				SWIFT_ACTIVE_COMPILATION_CONDITIONS = DEBUG;
				SWIFT_OPTIMIZATION_LEVEL = "-Onone";
				VERSIONING_SYSTEM = "apple-generic";
				VERSION_INFO_PREFIX = "";
			};
			name = Debug;
		};
		CDFEF40F2AE7A1F400F959CE /* Release */ = {
			isa = XCBuildConfiguration;
			buildSettings = {
				ALWAYS_SEARCH_USER_PATHS = NO;
				CLANG_ANALYZER_NONNULL = YES;
				CLANG_ANALYZER_NUMBER_OBJECT_CONVERSION = YES_AGGRESSIVE;
				CLANG_CXX_LANGUAGE_STANDARD = "gnu++20";
				CLANG_ENABLE_MODULES = YES;
				CLANG_ENABLE_OBJC_ARC = YES;
				CLANG_ENABLE_OBJC_WEAK = YES;
				CLANG_WARN_BLOCK_CAPTURE_AUTORELEASING = YES;
				CLANG_WARN_BOOL_CONVERSION = YES;
				CLANG_WARN_COMMA = YES;
				CLANG_WARN_CONSTANT_CONVERSION = YES;
				CLANG_WARN_DEPRECATED_OBJC_IMPLEMENTATIONS = YES;
				CLANG_WARN_DIRECT_OBJC_ISA_USAGE = YES_ERROR;
				CLANG_WARN_DOCUMENTATION_COMMENTS = YES;
				CLANG_WARN_EMPTY_BODY = YES;
				CLANG_WARN_ENUM_CONVERSION = YES;
				CLANG_WARN_INFINITE_RECURSION = YES;
				CLANG_WARN_INT_CONVERSION = YES;
				CLANG_WARN_NON_LITERAL_NULL_CONVERSION = YES;
				CLANG_WARN_OBJC_IMPLICIT_RETAIN_SELF = YES;
				CLANG_WARN_OBJC_LITERAL_CONVERSION = YES;
				CLANG_WARN_OBJC_ROOT_CLASS = YES_ERROR;
				CLANG_WARN_QUOTED_INCLUDE_IN_FRAMEWORK_HEADER = YES;
				CLANG_WARN_RANGE_LOOP_ANALYSIS = YES;
				CLANG_WARN_STRICT_PROTOTYPES = YES;
				CLANG_WARN_SUSPICIOUS_MOVE = YES;
				CLANG_WARN_UNGUARDED_AVAILABILITY = YES_AGGRESSIVE;
				CLANG_WARN_UNREACHABLE_CODE = YES;
				CLANG_WARN__DUPLICATE_METHOD_MATCH = YES;
				COPY_PHASE_STRIP = NO;
				CURRENT_PROJECT_VERSION = 1;
				DEBUG_INFORMATION_FORMAT = "dwarf-with-dsym";
				ENABLE_NS_ASSERTIONS = NO;
				ENABLE_STRICT_OBJC_MSGSEND = YES;
				GCC_C_LANGUAGE_STANDARD = gnu11;
				GCC_NO_COMMON_BLOCKS = YES;
				GCC_WARN_64_TO_32_BIT_CONVERSION = YES;
				GCC_WARN_ABOUT_RETURN_TYPE = YES_ERROR;
				GCC_WARN_UNDECLARED_SELECTOR = YES;
				GCC_WARN_UNINITIALIZED_AUTOS = YES_AGGRESSIVE;
				GCC_WARN_UNUSED_FUNCTION = YES;
				GCC_WARN_UNUSED_VARIABLE = YES;
				MACOSX_DEPLOYMENT_TARGET = 13.1;
				MTL_ENABLE_DEBUG_INFO = NO;
				MTL_FAST_MATH = YES;
				SDKROOT = macosx;
				SWIFT_COMPILATION_MODE = wholemodule;
				SWIFT_OPTIMIZATION_LEVEL = "-O";
				VERSIONING_SYSTEM = "apple-generic";
				VERSION_INFO_PREFIX = "";
			};
			name = Release;
		};
		CDFEF4112AE7A1F400F959CE /* Debug */ = {
			isa = XCBuildConfiguration;
			buildSettings = {
				CODE_SIGN_STYLE = Automatic;
				COMBINE_HIDPI_IMAGES = YES;
				CURRENT_PROJECT_VERSION = 1;
				DEFINES_MODULE = YES;
				DEVELOPMENT_TEAM = 52W5AMT5C2;
				DYLIB_COMPATIBILITY_VERSION = 1;
				DYLIB_CURRENT_VERSION = 1;
				DYLIB_INSTALL_NAME_BASE = "@rpath";
				GENERATE_INFOPLIST_FILE = YES;
				INFOPLIST_KEY_NSHumanReadableCopyright = "";
				INSTALL_PATH = "$(LOCAL_LIBRARY_DIR)/Frameworks";
				LD_RUNPATH_SEARCH_PATHS = (
					"$(inherited)",
					"@executable_path/../Frameworks",
					"@loader_path/Frameworks",
				);
				MARKETING_VERSION = 1.0;
				PRODUCT_BUNDLE_IDENTIFIER = mbayi.EssentialFeed;
				PRODUCT_NAME = "$(TARGET_NAME:c99extidentifier)";
				SKIP_INSTALL = YES;
				SWIFT_EMIT_LOC_STRINGS = YES;
				SWIFT_VERSION = 5.0;
			};
			name = Debug;
		};
		CDFEF4122AE7A1F400F959CE /* Release */ = {
			isa = XCBuildConfiguration;
			buildSettings = {
				CODE_SIGN_STYLE = Automatic;
				COMBINE_HIDPI_IMAGES = YES;
				CURRENT_PROJECT_VERSION = 1;
				DEFINES_MODULE = YES;
				DEVELOPMENT_TEAM = 52W5AMT5C2;
				DYLIB_COMPATIBILITY_VERSION = 1;
				DYLIB_CURRENT_VERSION = 1;
				DYLIB_INSTALL_NAME_BASE = "@rpath";
				GENERATE_INFOPLIST_FILE = YES;
				INFOPLIST_KEY_NSHumanReadableCopyright = "";
				INSTALL_PATH = "$(LOCAL_LIBRARY_DIR)/Frameworks";
				LD_RUNPATH_SEARCH_PATHS = (
					"$(inherited)",
					"@executable_path/../Frameworks",
					"@loader_path/Frameworks",
				);
				MARKETING_VERSION = 1.0;
				PRODUCT_BUNDLE_IDENTIFIER = mbayi.EssentialFeed;
				PRODUCT_NAME = "$(TARGET_NAME:c99extidentifier)";
				SKIP_INSTALL = YES;
				SWIFT_EMIT_LOC_STRINGS = YES;
				SWIFT_VERSION = 5.0;
			};
			name = Release;
		};
		CDFEF4142AE7A1F400F959CE /* Debug */ = {
			isa = XCBuildConfiguration;
			buildSettings = {
				ALWAYS_EMBED_SWIFT_STANDARD_LIBRARIES = YES;
				CODE_SIGN_STYLE = Automatic;
				CURRENT_PROJECT_VERSION = 1;
				DEVELOPMENT_TEAM = 52W5AMT5C2;
				GENERATE_INFOPLIST_FILE = YES;
				MARKETING_VERSION = 1.0;
				PRODUCT_BUNDLE_IDENTIFIER = mbayi.EssentialFeedTests;
				PRODUCT_NAME = "$(TARGET_NAME)";
				SWIFT_EMIT_LOC_STRINGS = NO;
				SWIFT_VERSION = 5.0;
			};
			name = Debug;
		};
		CDFEF4152AE7A1F400F959CE /* Release */ = {
			isa = XCBuildConfiguration;
			buildSettings = {
				ALWAYS_EMBED_SWIFT_STANDARD_LIBRARIES = YES;
				CODE_SIGN_STYLE = Automatic;
				CURRENT_PROJECT_VERSION = 1;
				DEVELOPMENT_TEAM = 52W5AMT5C2;
				GENERATE_INFOPLIST_FILE = YES;
				MARKETING_VERSION = 1.0;
				PRODUCT_BUNDLE_IDENTIFIER = mbayi.EssentialFeedTests;
				PRODUCT_NAME = "$(TARGET_NAME)";
				SWIFT_EMIT_LOC_STRINGS = NO;
				SWIFT_VERSION = 5.0;
			};
			name = Release;
		};
/* End XCBuildConfiguration section */

/* Begin XCConfigurationList section */
		CDFEF3F62AE7A1F400F959CE /* Build configuration list for PBXProject "EssentialFeed" */ = {
			isa = XCConfigurationList;
			buildConfigurations = (
				CDFEF40E2AE7A1F400F959CE /* Debug */,
				CDFEF40F2AE7A1F400F959CE /* Release */,
			);
			defaultConfigurationIsVisible = 0;
			defaultConfigurationName = Release;
		};
		CDFEF4102AE7A1F400F959CE /* Build configuration list for PBXNativeTarget "EssentialFeed" */ = {
			isa = XCConfigurationList;
			buildConfigurations = (
				CDFEF4112AE7A1F400F959CE /* Debug */,
				CDFEF4122AE7A1F400F959CE /* Release */,
			);
			defaultConfigurationIsVisible = 0;
			defaultConfigurationName = Release;
		};
		CDFEF4132AE7A1F400F959CE /* Build configuration list for PBXNativeTarget "EssentialFeedTests" */ = {
			isa = XCConfigurationList;
			buildConfigurations = (
				CDFEF4142AE7A1F400F959CE /* Debug */,
				CDFEF4152AE7A1F400F959CE /* Release */,
			);
			defaultConfigurationIsVisible = 0;
			defaultConfigurationName = Release;
		};
/* End XCConfigurationList section */
	};
	rootObject = CDFEF3F32AE7A1F400F959CE /* Project object */;
}
